
Microsoft Visual Studio Solution File, Format Version 12.00
# Visual Studio Version 16
VisualStudioVersion = 16.0.30804.86
MinimumVisualStudioVersion = 10.0.40219.1
Project("{9A19103F-16F7-4668-BE54-9A1E7A4F7556}") = "task-manager", "src\task-manager\task-manager.csproj", "{DB01D884-8F3F-46A7-A9F2-35654CF43A06}"
EndProject
Project("{FAE04EC0-301F-11D3-BF4B-00C04F79EFBC}") = "tm-tests", "tests\tm-tests\tm-tests.csproj", "{F0D365F3-B06C-4982-B477-5798471B497B}"
EndProject
Global
	GlobalSection(SolutionConfigurationPlatforms) = preSolution
		Debug|Any CPU = Debug|Any CPU
		Release|Any CPU = Release|Any CPU
	EndGlobalSection
	GlobalSection(ProjectConfigurationPlatforms) = postSolution
		{DB01D884-8F3F-46A7-A9F2-35654CF43A06}.Debug|Any CPU.ActiveCfg = Debug|Any CPU
		{DB01D884-8F3F-46A7-A9F2-35654CF43A06}.Debug|Any CPU.Build.0 = Debug|Any CPU
		{DB01D884-8F3F-46A7-A9F2-35654CF43A06}.Release|Any CPU.ActiveCfg = Release|Any CPU
		{DB01D884-8F3F-46A7-A9F2-35654CF43A06}.Release|Any CPU.Build.0 = Release|Any CPU
		{F0D365F3-B06C-4982-B477-5798471B497B}.Debug|Any CPU.ActiveCfg = Debug|Any CPU
		{F0D365F3-B06C-4982-B477-5798471B497B}.Debug|Any CPU.Build.0 = Debug|Any CPU
		{F0D365F3-B06C-4982-B477-5798471B497B}.Release|Any CPU.ActiveCfg = Release|Any CPU
		{F0D365F3-B06C-4982-B477-5798471B497B}.Release|Any CPU.Build.0 = Release|Any CPU
	EndGlobalSection
	GlobalSection(SolutionProperties) = preSolution
		HideSolutionNode = FALSE
	EndGlobalSection
	GlobalSection(ExtensibilityGlobals) = postSolution
		SolutionGuid = {AB3BCED9-B57F-4599-A4AB-E059A422853A}
	EndGlobalSection
EndGlobal
